
Microsoft Visual Studio Solution File, Format Version 12.00
# Visual Studio Version 17
VisualStudioVersion = 17.6.33723.286
MinimumVisualStudioVersion = 10.0.40219.1
Project("{FAE04EC0-301F-11D3-BF4B-00C04F79EFBC}") = "BillboardTallest", "BillboardTallest.csproj", "{0360FCD9-2E30-431C-B630-1C258BF1FAA1}"
EndProject
Global
	GlobalSection(SolutionConfigurationPlatforms) = preSolution
		Debug|Any CPU = Debug|Any CPU
		Release|Any CPU = Release|Any CPU
	EndGlobalSection
	GlobalSection(ProjectConfigurationPlatforms) = postSolution
		{0360FCD9-2E30-431C-B630-1C258BF1FAA1}.Debug|Any CPU.ActiveCfg = Debug|Any CPU
		{0360FCD9-2E30-431C-B630-1C258BF1FAA1}.Debug|Any CPU.Build.0 = Debug|Any CPU
		{0360FCD9-2E30-431C-B630-1C258BF1FAA1}.Release|Any CPU.ActiveCfg = Release|Any CPU
		{0360FCD9-2E30-431C-B630-1C258BF1FAA1}.Release|Any CPU.Build.0 = Release|Any CPU
	EndGlobalSection
	GlobalSection(SolutionProperties) = preSolution
		HideSolutionNode = FALSE
	EndGlobalSection
	GlobalSection(ExtensibilityGlobals) = postSolution
		SolutionGuid = {560C313D-2C9A-4B12-A8DE-C3BC34B66AE9}
	EndGlobalSection
EndGlobal
